
Microsoft Visual Studio Solution File, Format Version 12.00
# Visual Studio Version 17
VisualStudioVersion = 17.7.33927.210
MinimumVisualStudioVersion = 10.0.40219.1
Project("{FAE04EC0-301F-11D3-BF4B-00C04F79EFBC}") = "DAY1", "DAY1\DAY1.csproj", "{D1548682-206A-4082-9AB0-6C7B13FB9A16}"
EndProject
Global
	GlobalSection(SolutionConfigurationPlatforms) = preSolution
		Debug|Any CPU = Debug|Any CPU
		Release|Any CPU = Release|Any CPU
	EndGlobalSection
	GlobalSection(ProjectConfigurationPlatforms) = postSolution
		{D1548682-206A-4082-9AB0-6C7B13FB9A16}.Debug|Any CPU.ActiveCfg = Debug|Any CPU
		{D1548682-206A-4082-9AB0-6C7B13FB9A16}.Debug|Any CPU.Build.0 = Debug|Any CPU
		{D1548682-206A-4082-9AB0-6C7B13FB9A16}.Release|Any CPU.ActiveCfg = Release|Any CPU
		{D1548682-206A-4082-9AB0-6C7B13FB9A16}.Release|Any CPU.Build.0 = Release|Any CPU
	EndGlobalSection
	GlobalSection(SolutionProperties) = preSolution
		HideSolutionNode = FALSE
	EndGlobalSection
	GlobalSection(ExtensibilityGlobals) = postSolution
		SolutionGuid = {DEED7CF4-F9B8-450D-B51C-DA96DC6758AE}
	EndGlobalSection
EndGlobal
